
Microsoft Visual Studio Solution File, Format Version 12.00
# Visual Studio Version 17
VisualStudioVersion = 17.7.34024.191
MinimumVisualStudioVersion = 10.0.40219.1
Project("{FAE04EC0-301F-11D3-BF4B-00C04F79EFBC}") = "TazbiCount", "TazbiCount\TazbiCount.csproj", "{A5D403CA-384C-4CCA-8EE0-1E2FBE1EB983}"
EndProject
Global
	GlobalSection(SolutionConfigurationPlatforms) = preSolution
		Debug|Any CPU = Debug|Any CPU
		Release|Any CPU = Release|Any CPU
	EndGlobalSection
	GlobalSection(ProjectConfigurationPlatforms) = postSolution
		{A5D403CA-384C-4CCA-8EE0-1E2FBE1EB983}.Debug|Any CPU.ActiveCfg = Debug|Any CPU
		{A5D403CA-384C-4CCA-8EE0-1E2FBE1EB983}.Debug|Any CPU.Build.0 = Debug|Any CPU
		{A5D403CA-384C-4CCA-8EE0-1E2FBE1EB983}.Debug|Any CPU.Deploy.0 = Debug|Any CPU
		{A5D403CA-384C-4CCA-8EE0-1E2FBE1EB983}.Release|Any CPU.ActiveCfg = Release|Any CPU
		{A5D403CA-384C-4CCA-8EE0-1E2FBE1EB983}.Release|Any CPU.Build.0 = Release|Any CPU
		{A5D403CA-384C-4CCA-8EE0-1E2FBE1EB983}.Release|Any CPU.Deploy.0 = Release|Any CPU
	EndGlobalSection
	GlobalSection(SolutionProperties) = preSolution
		HideSolutionNode = FALSE
	EndGlobalSection
	GlobalSection(ExtensibilityGlobals) = postSolution
		SolutionGuid = {63BFD82D-2A55-4FD2-ABC1-5A8D2489DCC7}
	EndGlobalSection
EndGlobal
